// !$*UTF8*$!
{
	archiveVersion = 1;
	classes = {
	};
	objectVersion = 70;
	objects = {

/* Begin PBXBuildFile section */
		5069CC312F64007A00F65B34 /* DeChaff.icon in Resources */ = {isa = PBXBuildFile; fileRef = 5069CC302F64007A00F65B34 /* DeChaff.icon */; };
		50AE95E72F85C6B5006663EF /* DownloadSermonIntent.swift in Sources */ = {isa = PBXBuildFile; fileRef = 50AE95E62F85C6B5006663EF /* DownloadSermonIntent.swift */; };
		50AE96272F875396006663EF /* DeChaffShareExtension.appex in Embed Foundation Extensions */ = {isa = PBXBuildFile; fileRef = 50AE961B2F875395006663EF /* DeChaffShareExtension.appex */; settings = {ATTRIBUTES = (RemoveHeadersOnCopy, ); }; };
		50AE96392F8765F0006663EF /* Sparkle in Frameworks */ = {isa = PBXBuildFile; productRef = 50AE96382F8765F0006663EF /* Sparkle */; };
		AA00000000000000000000B2 /* DeChaffApp.swift in Sources */ = {isa = PBXBuildFile; fileRef = AA00000000000000000000AF /* DeChaffApp.swift */; };
		AA00000000000000000000B3 /* ContentView.swift in Sources */ = {isa = PBXBuildFile; fileRef = AA00000000000000000000B0 /* ContentView.swift */; };
		AA00000000000000000000B4 /* VoiceIsolationProcessor.swift in Sources */ = {isa = PBXBuildFile; fileRef = AA00000000000000000000B1 /* VoiceIsolationProcessor.swift */; };
		AA00000000000000000000C4 /* lame in Resources */ = {isa = PBXBuildFile; fileRef = AA00000000000000000000C3 /* lame */; };
		AA00000000000000000000C5 /* Wheat.png in Resources */ = {isa = PBXBuildFile; fileRef = AA00000000000000000000C6 /* Wheat.png */; };
		DC00000000000000000000E2 /* Step1LoadView.swift in Sources */ = {isa = PBXBuildFile; fileRef = DC00000000000000000000E1 /* Step1LoadView.swift */; };
		DC00000000000000000000E4 /* Step2TrimView.swift in Sources */ = {isa = PBXBuildFile; fileRef = DC00000000000000000000E3 /* Step2TrimView.swift */; };
		DC00000000000000000000E6 /* Step3InfoView.swift in Sources */ = {isa = PBXBuildFile; fileRef = DC00000000000000000000E5 /* Step3InfoView.swift */; };
		DC00000000000000000000E8 /* Step4ChaptersView.swift in Sources */ = {isa = PBXBuildFile; fileRef = DC00000000000000000000E7 /* Step4ChaptersView.swift */; };
		DC00000000000000000000EA /* Step5OutputView.swift in Sources */ = {isa = PBXBuildFile; fileRef = DC00000000000000000000E9 /* Step5OutputView.swift */; };
		DC00000000000000000000EC /* YtDlpManager.swift in Sources */ = {isa = PBXBuildFile; fileRef = DC00000000000000000000EB /* YtDlpManager.swift */; };
		DC00000000000000000000EE /* YouTubeViewModel.swift in Sources */ = {isa = PBXBuildFile; fileRef = DC00000000000000000000ED /* YouTubeViewModel.swift */; };
		DC00000000000000000000F0 /* YouTubeSectionView.swift in Sources */ = {isa = PBXBuildFile; fileRef = DC00000000000000000000EF /* YouTubeSectionView.swift */; };
		DC00000000000000000000F2 /* SettingsView.swift in Sources */ = {isa = PBXBuildFile; fileRef = DC00000000000000000000F1 /* SettingsView.swift */; };
		DC00000000000000000000F4 /* SermonMetadataExtractor.swift in Sources */ = {isa = PBXBuildFile; fileRef = DC00000000000000000000F3 /* SermonMetadataExtractor.swift */; };
		DC00000000000000000000F6 /* WaveformTileCache.swift in Sources */ = {isa = PBXBuildFile; fileRef = DC00000000000000000000F5 /* WaveformTileCache.swift */; };
		DC0000000000000000000101 /* AudioProcessingModels.swift in Sources */ = {isa = PBXBuildFile; fileRef = DC0000000000000000000100 /* AudioProcessingModels.swift */; };
		DC0000000000000000000103 /* AudioUnitPass.swift in Sources */ = {isa = PBXBuildFile; fileRef = DC0000000000000000000102 /* AudioUnitPass.swift */; };
		DC0000000000000000000105 /* LoudnessProcessor.swift in Sources */ = {isa = PBXBuildFile; fileRef = DC0000000000000000000104 /* LoudnessProcessor.swift */; };
		DC0000000000000000000107 /* SilenceProcessor.swift in Sources */ = {isa = PBXBuildFile; fileRef = DC0000000000000000000106 /* SilenceProcessor.swift */; };
		DC0000000000000000000109 /* MP3Encoder.swift in Sources */ = {isa = PBXBuildFile; fileRef = DC0000000000000000000108 /* MP3Encoder.swift */; };
		DC000000000000000000010B /* ID3Tagger.swift in Sources */ = {isa = PBXBuildFile; fileRef = DC000000000000000000010A /* ID3Tagger.swift */; };
		DC000000000000000000010E /* KeychainHelper.swift in Sources */ = {isa = PBXBuildFile; fileRef = DC000000000000000000010D /* KeychainHelper.swift */; };
		DC0000000000000000000110 /* ClaudeAPIClient.swift in Sources */ = {isa = PBXBuildFile; fileRef = DC000000000000000000010F /* ClaudeAPIClient.swift */; };
		DC0000000000000000000112 /* AppCommands.swift in Sources */ = {isa = PBXBuildFile; fileRef = DC0000000000000000000111 /* AppCommands.swift */; };
		DC0000000000000000000114 /* ProcessingModel.swift in Sources */ = {isa = PBXBuildFile; fileRef = DC0000000000000000000113 /* ProcessingModel.swift */; };
		DC0000000000000000000116 /* TranscriptionHelpers.swift in Sources */ = {isa = PBXBuildFile; fileRef = DC0000000000000000000115 /* TranscriptionHelpers.swift */; };
		DC0000000000000000000118 /* WaveformView.swift in Sources */ = {isa = PBXBuildFile; fileRef = DC0000000000000000000117 /* WaveformView.swift */; };
		DC000000000000000000011A /* PlaybackState.swift in Sources */ = {isa = PBXBuildFile; fileRef = DC0000000000000000000119 /* PlaybackState.swift */; };
/* End PBXBuildFile section */

/* Begin PBXContainerItemProxy section */
		50AE96252F875396006663EF /* PBXContainerItemProxy */ = {
			isa = PBXContainerItemProxy;
			containerPortal = AA00000000000000000000A1 /* Project object */;
			proxyType = 1;
			remoteGlobalIDString = 50AE961A2F875395006663EF;
			remoteInfo = DeChaffShareExtension;
		};
/* End PBXContainerItemProxy section */

/* Begin PBXCopyFilesBuildPhase section */
		50AE962C2F875396006663EF /* Embed Foundation Extensions */ = {
			isa = PBXCopyFilesBuildPhase;
			buildActionMask = 2147483647;
			dstPath = "";
			dstSubfolderSpec = 13;
			files = (
				50AE96272F875396006663EF /* DeChaffShareExtension.appex in Embed Foundation Extensions */,
			);
			name = "Embed Foundation Extensions";
			runOnlyForDeploymentPostprocessing = 0;
		};
/* End PBXCopyFilesBuildPhase section */

/* Begin PBXFileReference section */
		5069CC302F64007A00F65B34 /* DeChaff.icon */ = {isa = PBXFileReference; lastKnownFileType = folder.iconcomposer.icon; path = DeChaff.icon; sourceTree = "<group>"; };
		50AE95E62F85C6B5006663EF /* DownloadSermonIntent.swift */ = {isa = PBXFileReference; lastKnownFileType = sourcecode.swift; path = DownloadSermonIntent.swift; sourceTree = "<group>"; };
		50AE961B2F875395006663EF /* DeChaffShareExtension.appex */ = {isa = PBXFileReference; explicitFileType = "wrapper.app-extension"; includeInIndex = 0; path = DeChaffShareExtension.appex; sourceTree = BUILT_PRODUCTS_DIR; };
		AA00000000000000000000AE /* DeChaff.app */ = {isa = PBXFileReference; explicitFileType = wrapper.application; includeInIndex = 0; path = DeChaff.app; sourceTree = BUILT_PRODUCTS_DIR; };
		AA00000000000000000000AF /* DeChaffApp.swift */ = {isa = PBXFileReference; lastKnownFileType = sourcecode.swift; path = DeChaffApp.swift; sourceTree = "<group>"; };
		AA00000000000000000000B0 /* ContentView.swift */ = {isa = PBXFileReference; lastKnownFileType = sourcecode.swift; path = ContentView.swift; sourceTree = "<group>"; };
		AA00000000000000000000B1 /* VoiceIsolationProcessor.swift */ = {isa = PBXFileReference; lastKnownFileType = sourcecode.swift; path = VoiceIsolationProcessor.swift; sourceTree = "<group>"; };
		AA00000000000000000000C3 /* lame */ = {isa = PBXFileReference; lastKnownFileType = "compiled.mach-o.executable"; path = lame; sourceTree = "<group>"; };
		AA00000000000000000000C6 /* Wheat.png */ = {isa = PBXFileReference; lastKnownFileType = image.png; path = Wheat.png; sourceTree = "<group>"; };
		DC00000000000000000000E1 /* Step1LoadView.swift */ = {isa = PBXFileReference; lastKnownFileType = sourcecode.swift; path = Step1LoadView.swift; sourceTree = "<group>"; };
		DC00000000000000000000E3 /* Step2TrimView.swift */ = {isa = PBXFileReference; lastKnownFileType = sourcecode.swift; path = Step2TrimView.swift; sourceTree = "<group>"; };
		DC00000000000000000000E5 /* Step3InfoView.swift */ = {isa = PBXFileReference; lastKnownFileType = sourcecode.swift; path = Step3InfoView.swift; sourceTree = "<group>"; };
		DC00000000000000000000E7 /* Step4ChaptersView.swift */ = {isa = PBXFileReference; lastKnownFileType = sourcecode.swift; path = Step4ChaptersView.swift; sourceTree = "<group>"; };
		DC00000000000000000000E9 /* Step5OutputView.swift */ = {isa = PBXFileReference; lastKnownFileType = sourcecode.swift; path = Step5OutputView.swift; sourceTree = "<group>"; };
		DC00000000000000000000EB /* YtDlpManager.swift */ = {isa = PBXFileReference; lastKnownFileType = sourcecode.swift; path = YtDlpManager.swift; sourceTree = "<group>"; };
		DC00000000000000000000ED /* YouTubeViewModel.swift */ = {isa = PBXFileReference; lastKnownFileType = sourcecode.swift; path = YouTubeViewModel.swift; sourceTree = "<group>"; };
		DC00000000000000000000EF /* YouTubeSectionView.swift */ = {isa = PBXFileReference; lastKnownFileType = sourcecode.swift; path = YouTubeSectionView.swift; sourceTree = "<group>"; };
		DC00000000000000000000F1 /* SettingsView.swift */ = {isa = PBXFileReference; lastKnownFileType = sourcecode.swift; path = SettingsView.swift; sourceTree = "<group>"; };
		DC00000000000000000000F3 /* SermonMetadataExtractor.swift */ = {isa = PBXFileReference; lastKnownFileType = sourcecode.swift; path = SermonMetadataExtractor.swift; sourceTree = "<group>"; };
		DC00000000000000000000F5 /* WaveformTileCache.swift */ = {isa = PBXFileReference; lastKnownFileType = sourcecode.swift; path = WaveformTileCache.swift; sourceTree = "<group>"; };
		DC0000000000000000000100 /* AudioProcessingModels.swift */ = {isa = PBXFileReference; lastKnownFileType = sourcecode.swift; path = AudioProcessingModels.swift; sourceTree = "<group>"; };
		DC0000000000000000000102 /* AudioUnitPass.swift */ = {isa = PBXFileReference; lastKnownFileType = sourcecode.swift; path = AudioUnitPass.swift; sourceTree = "<group>"; };
		DC0000000000000000000104 /* LoudnessProcessor.swift */ = {isa = PBXFileReference; lastKnownFileType = sourcecode.swift; path = LoudnessProcessor.swift; sourceTree = "<group>"; };
		DC0000000000000000000106 /* SilenceProcessor.swift */ = {isa = PBXFileReference; lastKnownFileType = sourcecode.swift; path = SilenceProcessor.swift; sourceTree = "<group>"; };
		DC0000000000000000000108 /* MP3Encoder.swift */ = {isa = PBXFileReference; lastKnownFileType = sourcecode.swift; path = MP3Encoder.swift; sourceTree = "<group>"; };
		DC000000000000000000010A /* ID3Tagger.swift */ = {isa = PBXFileReference; lastKnownFileType = sourcecode.swift; path = ID3Tagger.swift; sourceTree = "<group>"; };
		DC000000000000000000010D /* KeychainHelper.swift */ = {isa = PBXFileReference; lastKnownFileType = sourcecode.swift; path = KeychainHelper.swift; sourceTree = "<group>"; };
		DC000000000000000000010F /* ClaudeAPIClient.swift */ = {isa = PBXFileReference; lastKnownFileType = sourcecode.swift; path = ClaudeAPIClient.swift; sourceTree = "<group>"; };
		DC0000000000000000000111 /* AppCommands.swift */ = {isa = PBXFileReference; lastKnownFileType = sourcecode.swift; path = AppCommands.swift; sourceTree = "<group>"; };
		DC0000000000000000000113 /* ProcessingModel.swift */ = {isa = PBXFileReference; lastKnownFileType = sourcecode.swift; path = ProcessingModel.swift; sourceTree = "<group>"; };
		DC0000000000000000000115 /* TranscriptionHelpers.swift */ = {isa = PBXFileReference; lastKnownFileType = sourcecode.swift; path = TranscriptionHelpers.swift; sourceTree = "<group>"; };
		DC0000000000000000000117 /* WaveformView.swift */ = {isa = PBXFileReference; lastKnownFileType = sourcecode.swift; path = WaveformView.swift; sourceTree = "<group>"; };
		DC0000000000000000000119 /* PlaybackState.swift */ = {isa = PBXFileReference; lastKnownFileType = sourcecode.swift; path = PlaybackState.swift; sourceTree = "<group>"; };
/* End PBXFileReference section */

/* Begin PBXFileSystemSynchronizedBuildFileExceptionSet section */
		50AE96362F875681006663EF /* PBXFileSystemSynchronizedBuildFileExceptionSet */ = {
			isa = PBXFileSystemSynchronizedBuildFileExceptionSet;
			membershipExceptions = (
				Info.plist,
			);
			target = 50AE961A2F875395006663EF /* DeChaffShareExtension */;
		};
/* End PBXFileSystemSynchronizedBuildFileExceptionSet section */

/* Begin PBXFileSystemSynchronizedRootGroup section */
		50AE961C2F875396006663EF /* DeChaffShareExtension */ = {isa = PBXFileSystemSynchronizedRootGroup; exceptions = (50AE96362F875681006663EF /* PBXFileSystemSynchronizedBuildFileExceptionSet */, ); explicitFileTypes = {}; explicitFolders = (); path = DeChaffShareExtension; sourceTree = "<group>"; };
/* End PBXFileSystemSynchronizedRootGroup section */

/* Begin PBXFrameworksBuildPhase section */
		50AE96182F875395006663EF /* Frameworks */ = {
			isa = PBXFrameworksBuildPhase;
			buildActionMask = 2147483647;
			files = (
			);
			runOnlyForDeploymentPostprocessing = 0;
		};
		AA00000000000000000000AC /* Frameworks */ = {
			isa = PBXFrameworksBuildPhase;
			buildActionMask = 2147483647;
			files = (
				50AE96392F8765F0006663EF /* Sparkle in Frameworks */,
			);
			runOnlyForDeploymentPostprocessing = 0;
		};
/* End PBXFrameworksBuildPhase section */

/* Begin PBXGroup section */
		AA00000000000000000000A2 = {
			isa = PBXGroup;
			children = (
				AA00000000000000000000B5 /* DeChaff */,
				50AE961C2F875396006663EF /* DeChaffShareExtension */,
				AA00000000000000000000A3 /* Products */,
			);
			sourceTree = "<group>";
		};
		AA00000000000000000000A3 /* Products */ = {
			isa = PBXGroup;
			children = (
				AA00000000000000000000AE /* DeChaff.app */,
				50AE961B2F875395006663EF /* DeChaffShareExtension.appex */,
			);
			name = Products;
			sourceTree = "<group>";
		};
		AA00000000000000000000B5 /* DeChaff */ = {
			isa = PBXGroup;
			children = (
				50AE95E62F85C6B5006663EF /* DownloadSermonIntent.swift */,
				AA00000000000000000000AF /* DeChaffApp.swift */,
				AA00000000000000000000B0 /* ContentView.swift */,
				AA00000000000000000000B1 /* VoiceIsolationProcessor.swift */,
				DC000000000000000000010C /* AudioProcessing */,
				DC00000000000000000000E1 /* Step1LoadView.swift */,
				DC00000000000000000000E3 /* Step2TrimView.swift */,
				DC00000000000000000000E5 /* Step3InfoView.swift */,
				DC00000000000000000000E7 /* Step4ChaptersView.swift */,
				DC00000000000000000000E9 /* Step5OutputView.swift */,
				DC00000000000000000000EB /* YtDlpManager.swift */,
				DC00000000000000000000ED /* YouTubeViewModel.swift */,
				DC00000000000000000000EF /* YouTubeSectionView.swift */,
				DC00000000000000000000F1 /* SettingsView.swift */,
				DC00000000000000000000F3 /* SermonMetadataExtractor.swift */,
				DC000000000000000000010D /* KeychainHelper.swift */,
				DC000000000000000000010F /* ClaudeAPIClient.swift */,
				DC0000000000000000000111 /* AppCommands.swift */,
				DC0000000000000000000113 /* ProcessingModel.swift */,
				DC0000000000000000000115 /* TranscriptionHelpers.swift */,
				DC0000000000000000000117 /* WaveformView.swift */,
				DC0000000000000000000119 /* PlaybackState.swift */,
				DC00000000000000000000F5 /* WaveformTileCache.swift */,
				AA00000000000000000000C3 /* lame */,
				AA00000000000000000000C6 /* Wheat.png */,
				5069CC302F64007A00F65B34 /* DeChaff.icon */,
			);
			path = DeChaff;
			sourceTree = "<group>";
		};
		DC000000000000000000010C /* AudioProcessing */ = {
			isa = PBXGroup;
			children = (
				DC0000000000000000000100 /* AudioProcessingModels.swift */,
				DC0000000000000000000102 /* AudioUnitPass.swift */,
				DC0000000000000000000104 /* LoudnessProcessor.swift */,
				DC0000000000000000000106 /* SilenceProcessor.swift */,
				DC0000000000000000000108 /* MP3Encoder.swift */,
				DC000000000000000000010A /* ID3Tagger.swift */,
			);
			path = AudioProcessing;
			sourceTree = "<group>";
		};
/* End PBXGroup section */

/* Begin PBXNativeTarget section */
		50AE961A2F875395006663EF /* DeChaffShareExtension */ = {
			isa = PBXNativeTarget;
			buildConfigurationList = 50AE96292F875396006663EF /* Build configuration list for PBXNativeTarget "DeChaffShareExtension" */;
			buildPhases = (
				50AE96172F875395006663EF /* Sources */,
				50AE96182F875395006663EF /* Frameworks */,
				50AE96192F875395006663EF /* Resources */,
			);
			buildRules = (
			);
			dependencies = (
			);
			fileSystemSynchronizedGroups = (
				50AE961C2F875396006663EF /* DeChaffShareExtension */,
			);
			name = DeChaffShareExtension;
			packageProductDependencies = (
			);
			productName = DeChaffShareExtension;
			productReference = 50AE961B2F875395006663EF /* DeChaffShareExtension.appex */;
			productType = "com.apple.product-type.app-extension";
		};
		AA00000000000000000000A4 /* DeChaff */ = {
			isa = PBXNativeTarget;
			buildConfigurationList = AA00000000000000000000A6 /* Build configuration list for PBXNativeTarget "DeChaff" */;
			buildPhases = (
				AA00000000000000000000AB /* Sources */,
				AA00000000000000000000AC /* Frameworks */,
				AA00000000000000000000AD /* Resources */,
				AA00000000000000000000D0 /* Re-sign bundled lame with Hardened Runtime */,
				50AE962C2F875396006663EF /* Embed Foundation Extensions */,
			);
			buildRules = (
			);
			dependencies = (
				50AE96262F875396006663EF /* PBXTargetDependency */,
			);
			name = DeChaff;
			productName = DeChaff;
			productReference = AA00000000000000000000AE /* DeChaff.app */;
			productType = "com.apple.product-type.application";
		};
/* End PBXNativeTarget section */

/* Begin PBXProject section */
		AA00000000000000000000A1 /* Project object */ = {
			isa = PBXProject;
			attributes = {
				BuildIndependentTargetsInParallel = 1;
				LastSwiftUpdateCheck = 2640;
				LastUpgradeCheck = 1500;
				TargetAttributes = {
					50AE961A2F875395006663EF = {
						CreatedOnToolsVersion = 26.4;
					};
					AA00000000000000000000A4 = {
						CreatedOnToolsVersion = 15.0;
					};
				};
			};
			buildConfigurationList = AA00000000000000000000A5 /* Build configuration list for PBXProject "DeChaff" */;
			compatibilityVersion = "Xcode 14.0";
			developmentRegion = en;
			hasScannedForEncodings = 0;
			knownRegions = (
				en,
				Base,
				"Base 2",
				"base 2",
			);
			mainGroup = AA00000000000000000000A2;
			packageReferences = (
				50AE96372F8765F0006663EF /* XCRemoteSwiftPackageReference "Sparkle" */,
			);
			productRefGroup = AA00000000000000000000A3 /* Products */;
			projectDirPath = "";
			projectRoot = "";
			targets = (
				AA00000000000000000000A4 /* DeChaff */,
				50AE961A2F875395006663EF /* DeChaffShareExtension */,
			);
		};
/* End PBXProject section */

/* Begin PBXResourcesBuildPhase section */
		50AE96192F875395006663EF /* Resources */ = {
			isa = PBXResourcesBuildPhase;
			buildActionMask = 2147483647;
			files = (
			);
			runOnlyForDeploymentPostprocessing = 0;
		};
		AA00000000000000000000AD /* Resources */ = {
			isa = PBXResourcesBuildPhase;
			buildActionMask = 2147483647;
			files = (
				5069CC312F64007A00F65B34 /* DeChaff.icon in Resources */,
				AA00000000000000000000C4 /* lame in Resources */,
				AA00000000000000000000C5 /* Wheat.png in Resources */,
			);
			runOnlyForDeploymentPostprocessing = 0;
		};
/* End PBXResourcesBuildPhase section */

/* Begin PBXShellScriptBuildPhase section */
		AA00000000000000000000D0 /* Re-sign bundled lame with Hardened Runtime */ = {
			isa = PBXShellScriptBuildPhase;
			buildActionMask = 2147483647;
			files = (
			);
			inputFileListPaths = (
			);
			inputPaths = (
				"$(BUILT_PRODUCTS_DIR)/$(CONTENTS_FOLDER_PATH)/Resources/lame",
			);
			name = "Re-sign bundled lame with Hardened Runtime";
			outputFileListPaths = (
			);
			outputPaths = (
			);
			runOnlyForDeploymentPostprocessing = 0;
			shellPath = /bin/sh;
			shellScript = "LAME=\"${BUILT_PRODUCTS_DIR}/${CONTENTS_FOLDER_PATH}/Resources/lame\"\nif [ -f \"$LAME\" ]; then\n    codesign --force --options runtime --sign \"${EXPANDED_CODE_SIGN_IDENTITY}\" \"$LAME\"\nfi\n";
		};
/* End PBXShellScriptBuildPhase section */

/* Begin PBXSourcesBuildPhase section */
		50AE96172F875395006663EF /* Sources */ = {
			isa = PBXSourcesBuildPhase;
			buildActionMask = 2147483647;
			files = (
			);
			runOnlyForDeploymentPostprocessing = 0;
		};
		AA00000000000000000000AB /* Sources */ = {
			isa = PBXSourcesBuildPhase;
			buildActionMask = 2147483647;
			files = (
				AA00000000000000000000B2 /* DeChaffApp.swift in Sources */,
				AA00000000000000000000B3 /* ContentView.swift in Sources */,
				AA00000000000000000000B4 /* VoiceIsolationProcessor.swift in Sources */,
				DC00000000000000000000E2 /* Step1LoadView.swift in Sources */,
				DC00000000000000000000E4 /* Step2TrimView.swift in Sources */,
				DC00000000000000000000E6 /* Step3InfoView.swift in Sources */,
				DC00000000000000000000E8 /* Step4ChaptersView.swift in Sources */,
				DC00000000000000000000EA /* Step5OutputView.swift in Sources */,
				DC00000000000000000000EC /* YtDlpManager.swift in Sources */,
				DC00000000000000000000EE /* YouTubeViewModel.swift in Sources */,
				DC00000000000000000000F0 /* YouTubeSectionView.swift in Sources */,
				50AE95E72F85C6B5006663EF /* DownloadSermonIntent.swift in Sources */,
				DC00000000000000000000F2 /* SettingsView.swift in Sources */,
				DC00000000000000000000F4 /* SermonMetadataExtractor.swift in Sources */,
				DC000000000000000000010E /* KeychainHelper.swift in Sources */,
				DC0000000000000000000110 /* ClaudeAPIClient.swift in Sources */,
				DC0000000000000000000112 /* AppCommands.swift in Sources */,
				DC0000000000000000000114 /* ProcessingModel.swift in Sources */,
				DC0000000000000000000116 /* TranscriptionHelpers.swift in Sources */,
				DC0000000000000000000118 /* WaveformView.swift in Sources */,
				DC000000000000000000011A /* PlaybackState.swift in Sources */,
				DC00000000000000000000F6 /* WaveformTileCache.swift in Sources */,
				DC0000000000000000000101 /* AudioProcessingModels.swift in Sources */,
				DC0000000000000000000103 /* AudioUnitPass.swift in Sources */,
				DC0000000000000000000105 /* LoudnessProcessor.swift in Sources */,
				DC0000000000000000000107 /* SilenceProcessor.swift in Sources */,
				DC0000000000000000000109 /* MP3Encoder.swift in Sources */,
				DC000000000000000000010B /* ID3Tagger.swift in Sources */,
			);
			runOnlyForDeploymentPostprocessing = 0;
		};
/* End PBXSourcesBuildPhase section */

/* Begin PBXTargetDependency section */
		50AE96262F875396006663EF /* PBXTargetDependency */ = {
			isa = PBXTargetDependency;
			target = 50AE961A2F875395006663EF /* DeChaffShareExtension */;
			targetProxy = 50AE96252F875396006663EF /* PBXContainerItemProxy */;
		};
/* End PBXTargetDependency section */

/* Begin XCBuildConfiguration section */
		50AE962A2F875396006663EF /* Debug */ = {
			isa = XCBuildConfiguration;
			buildSettings = {
				ASSETCATALOG_COMPILER_GENERATE_SWIFT_ASSET_SYMBOL_EXTENSIONS = YES;
				CLANG_WARN_OBJC_IMPLICIT_RETAIN_SELF = YES;
				CLANG_WARN_QUOTED_INCLUDE_IN_FRAMEWORK_HEADER = YES;
				CODE_SIGN_STYLE = Automatic;
				COMBINE_HIDPI_IMAGES = YES;
				CURRENT_PROJECT_VERSION = 1;
				DEVELOPMENT_TEAM = 2R53HYKRFR;
				ENABLE_APP_SANDBOX = YES;
				ENABLE_HARDENED_RUNTIME = YES;
				ENABLE_USER_SCRIPT_SANDBOXING = YES;
				ENABLE_USER_SELECTED_FILES = readonly;
				GENERATE_INFOPLIST_FILE = NO;
				INFOPLIST_FILE = DeChaffShareExtension/Info.plist;
				INFOPLIST_KEY_CFBundleDisplayName = DeChaffShareExtension;
				INFOPLIST_KEY_NSHumanReadableCopyright = "";
				LD_RUNPATH_SEARCH_PATHS = (
					"$(inherited)",
					"@executable_path/../Frameworks",
					"@executable_path/../../../../Frameworks",
				);
				LOCALIZATION_PREFERS_STRING_CATALOGS = YES;
				MACOSX_DEPLOYMENT_TARGET = 26.0;
				MARKETING_VERSION = 1.0;
				PRODUCT_BUNDLE_IDENTIFIER = com.dechaff.app.ShareExtension;
				PRODUCT_NAME = "$(TARGET_NAME)";
				SKIP_INSTALL = YES;
				STRING_CATALOG_GENERATE_SYMBOLS = YES;
				SWIFT_APPROACHABLE_CONCURRENCY = YES;
				SWIFT_EMIT_LOC_STRINGS = YES;
				SWIFT_UPCOMING_FEATURE_MEMBER_IMPORT_VISIBILITY = YES;
				SWIFT_VERSION = 5.0;
			};
			name = Debug;
		};
		50AE962B2F875396006663EF /* Release */ = {
			isa = XCBuildConfiguration;
			buildSettings = {
				ASSETCATALOG_COMPILER_GENERATE_SWIFT_ASSET_SYMBOL_EXTENSIONS = YES;
				CLANG_WARN_OBJC_IMPLICIT_RETAIN_SELF = YES;
				CLANG_WARN_QUOTED_INCLUDE_IN_FRAMEWORK_HEADER = YES;
				CODE_SIGN_STYLE = Automatic;
				COMBINE_HIDPI_IMAGES = YES;
				CURRENT_PROJECT_VERSION = 1;
				DEVELOPMENT_TEAM = 2R53HYKRFR;
				ENABLE_APP_SANDBOX = YES;
				ENABLE_HARDENED_RUNTIME = YES;
				ENABLE_USER_SCRIPT_SANDBOXING = YES;
				ENABLE_USER_SELECTED_FILES = readonly;
				GENERATE_INFOPLIST_FILE = NO;
				INFOPLIST_FILE = DeChaffShareExtension/Info.plist;
				INFOPLIST_KEY_CFBundleDisplayName = DeChaffShareExtension;
				INFOPLIST_KEY_NSHumanReadableCopyright = "";
				LD_RUNPATH_SEARCH_PATHS = (
					"$(inherited)",
					"@executable_path/../Frameworks",
					"@executable_path/../../../../Frameworks",
				);
				LOCALIZATION_PREFERS_STRING_CATALOGS = YES;
				MACOSX_DEPLOYMENT_TARGET = 26.0;
				MARKETING_VERSION = 1.0;
				MTL_ENABLE_DEBUG_INFO = NO;
				PRODUCT_BUNDLE_IDENTIFIER = com.dechaff.app.ShareExtension;
				PRODUCT_NAME = "$(TARGET_NAME)";
				SKIP_INSTALL = YES;
				STRING_CATALOG_GENERATE_SYMBOLS = YES;
				SWIFT_APPROACHABLE_CONCURRENCY = YES;
				SWIFT_EMIT_LOC_STRINGS = YES;
				SWIFT_UPCOMING_FEATURE_MEMBER_IMPORT_VISIBILITY = YES;
				SWIFT_VERSION = 5.0;
			};
			name = Release;
		};
		AA00000000000000000000A7 /* Debug */ = {
			isa = XCBuildConfiguration;
			buildSettings = {
				ALWAYS_SEARCH_USER_PATHS = NO;
				CLANG_ANALYZER_NONNULL = YES;
				CLANG_ANALYZER_NUMBER_OBJECT_CONVERSION = YES_AGGRESSIVE;
				CLANG_CXX_LANGUAGE_STANDARD = "gnu++20";
				CLANG_ENABLE_MODULES = YES;
				CLANG_ENABLE_OBJC_ARC = YES;
				CLANG_ENABLE_OBJC_WEAK = YES;
				CLANG_WARN_BLOCK_CAPTURE_AUTORELEASING = YES;
				CLANG_WARN_BOOL_CONVERSION = YES;
				CLANG_WARN_COMMA = YES;
				CLANG_WARN_CONSTANT_CONVERSION = YES;
				CLANG_WARN_DEPRECATED_OBJC_IMPLEMENTATIONS = YES;
				CLANG_WARN_DIRECT_OBJC_ISA_USAGE = YES_ERROR;
				CLANG_WARN_DOCUMENTATION_COMMENTS = YES;
				CLANG_WARN_EMPTY_BODY = YES;
				CLANG_WARN_ENUM_CONVERSION = YES;
				CLANG_WARN_INFINITE_RECURSION = YES;
				CLANG_WARN_INT_CONVERSION = YES;
				CLANG_WARN_NON_LITERAL_NULL_CONVERSION = YES;
				CLANG_WARN_OBJC_IMPLICIT_RETAIN_CYCLES = YES;
				CLANG_WARN_OBJC_LITERAL_CONVERSION = YES;
				CLANG_WARN_OBJC_ROOT_CLASS = YES_ERROR;
				CLANG_WARN_RANGE_LOOP_ANALYSIS = YES;
				CLANG_WARN_STRICT_PROTOTYPES = YES;
				CLANG_WARN_SUSPICIOUS_MOVE = YES;
				CLANG_WARN_UNGUARDED_AVAILABILITY = YES_AGGRESSIVE;
				CLANG_WARN_UNREACHABLE_CODE = YES;
				CLANG_WARN__DUPLICATE_METHOD_MATCH = YES;
				COPY_PHASE_STRIP = NO;
				DEBUG_INFORMATION_FORMAT = dwarf;
				ENABLE_STRICT_OBJC_MSGSEND = YES;
				ENABLE_TESTABILITY = YES;
				GCC_C_LANGUAGE_STANDARD = gnu17;
				GCC_DYNAMIC_NO_PIC = NO;
				GCC_NO_COMMON_BLOCKS = YES;
				GCC_OPTIMIZATION_LEVEL = 0;
				GCC_PREPROCESSOR_DEFINITIONS = (
					"DEBUG=1",
					"$(inherited)",
				);
				GCC_WARN_64_TO_32_BIT_CONVERSION = YES;
				GCC_WARN_ABOUT_RETURN_TYPE = YES_ERROR;
				GCC_WARN_UNDECLARED_SELECTOR = YES;
				GCC_WARN_UNINITIALIZED_AUTOS = YES_AGGRESSIVE;
				GCC_WARN_UNUSED_FUNCTION = YES;
				GCC_WARN_UNUSED_VARIABLE = YES;
				MACOSX_DEPLOYMENT_TARGET = 26.0;
				MTL_ENABLE_DEBUG_INFO = INCLUDE_SOURCE;
				MTL_FAST_MATH = YES;
				ONLY_ACTIVE_ARCH = YES;
				SDKROOT = macosx;
				SWIFT_ACTIVE_COMPILATION_CONDITIONS = "DEBUG $(inherited)";
				SWIFT_OPTIMIZATION_LEVEL = "-Onone";
			};
			name = Debug;
		};
		AA00000000000000000000A8 /* Release */ = {
			isa = XCBuildConfiguration;
			buildSettings = {
				ALWAYS_SEARCH_USER_PATHS = NO;
				CLANG_ANALYZER_NONNULL = YES;
				CLANG_ANALYZER_NUMBER_OBJECT_CONVERSION = YES_AGGRESSIVE;
				CLANG_CXX_LANGUAGE_STANDARD = "gnu++20";
				CLANG_ENABLE_MODULES = YES;
				CLANG_ENABLE_OBJC_ARC = YES;
				CLANG_ENABLE_OBJC_WEAK = YES;
				CLANG_WARN_BLOCK_CAPTURE_AUTORELEASING = YES;
				CLANG_WARN_BOOL_CONVERSION = YES;
				CLANG_WARN_COMMA = YES;
				CLANG_WARN_CONSTANT_CONVERSION = YES;
				CLANG_WARN_DEPRECATED_OBJC_IMPLEMENTATIONS = YES;
				CLANG_WARN_DIRECT_OBJC_ISA_USAGE = YES_ERROR;
				CLANG_WARN_DOCUMENTATION_COMMENTS = YES;
				CLANG_WARN_EMPTY_BODY = YES;
				CLANG_WARN_ENUM_CONVERSION = YES;
				CLANG_WARN_INFINITE_RECURSION = YES;
				CLANG_WARN_INT_CONVERSION = YES;
				CLANG_WARN_NON_LITERAL_NULL_CONVERSION = YES;
				CLANG_WARN_OBJC_IMPLICIT_RETAIN_CYCLES = YES;
				CLANG_WARN_OBJC_LITERAL_CONVERSION = YES;
				CLANG_WARN_OBJC_ROOT_CLASS = YES_ERROR;
				CLANG_WARN_RANGE_LOOP_ANALYSIS = YES;
				CLANG_WARN_STRICT_PROTOTYPES = YES;
				CLANG_WARN_SUSPICIOUS_MOVE = YES;
				CLANG_WARN_UNGUARDED_AVAILABILITY = YES_AGGRESSIVE;
				CLANG_WARN_UNREACHABLE_CODE = YES;
				CLANG_WARN__DUPLICATE_METHOD_MATCH = YES;
				COPY_PHASE_STRIP = NO;
				DEBUG_INFORMATION_FORMAT = "dwarf-with-dsym";
				ENABLE_NS_ASSERTIONS = NO;
				ENABLE_STRICT_OBJC_MSGSEND = YES;
				GCC_C_LANGUAGE_STANDARD = gnu17;
				GCC_NO_COMMON_BLOCKS = YES;
				GCC_WARN_64_TO_32_BIT_CONVERSION = YES;
				GCC_WARN_ABOUT_RETURN_TYPE = YES_ERROR;
				GCC_WARN_UNDECLARED_SELECTOR = YES;
				GCC_WARN_UNINITIALIZED_AUTOS = YES_AGGRESSIVE;
				GCC_WARN_UNUSED_FUNCTION = YES;
				GCC_WARN_UNUSED_VARIABLE = YES;
				MACOSX_DEPLOYMENT_TARGET = 26.0;
				MTL_FAST_MATH = YES;
				SDKROOT = macosx;
				SWIFT_COMPILATION_MODE = wholemodule;
			};
			name = Release;
		};
		AA00000000000000000000A9 /* Debug */ = {
			isa = XCBuildConfiguration;
			buildSettings = {
				ASSETCATALOG_COMPILER_APPICON_NAME = DeChaff;
				ASSETCATALOG_COMPILER_INCLUDE_ALL_APPICON_ASSETS = NO;
				"CODE_SIGN_IDENTITY[sdk=macosx*]" = "Apple Development";
				CODE_SIGN_STYLE = Automatic;
				COMBINE_HIDPI_IMAGES = YES;
				CURRENT_PROJECT_VERSION = 10;
				DEVELOPMENT_TEAM = 2R53HYKRFR;
				ENABLE_HARDENED_RUNTIME = YES;
				ENABLE_PREVIEWS = YES;
				GENERATE_INFOPLIST_FILE = YES;
				INFOPLIST_FILE = DeChaff/Info.plist;
				INFOPLIST_KEY_CFBundleDisplayName = DeChaff;
				INFOPLIST_KEY_CFBundleIconFile = DeChaffIcon;
				INFOPLIST_KEY_LSApplicationCategoryType = "public.app-category.utilities";
				INFOPLIST_KEY_NSHumanReadableDescription = "Remove background noise from audio files using Apple Voice Isolation";
				INFOPLIST_KEY_NSPrincipalClass = NSApplication;
				INFOPLIST_KEY_NSSpeechRecognitionUsageDescription = "DeChaff uses on-device speech recognition to transcribe sermon audio.";
				LD_RUNPATH_SEARCH_PATHS = (
					"$(inherited)",
					"@executable_path/../Frameworks",
				);
				MACOSX_DEPLOYMENT_TARGET = 26.0;
				MARKETING_VERSION = 1.0.1;
				PRODUCT_BUNDLE_IDENTIFIER = com.dechaff.app;
				PRODUCT_NAME = "$(TARGET_NAME)";
				SWIFT_EMIT_LOC_STRINGS = YES;
				SWIFT_VERSION = 5.0;
			};
			name = Debug;
		};
		AA00000000000000000000AA /* Release */ = {
			isa = XCBuildConfiguration;
			buildSettings = {
				ASSETCATALOG_COMPILER_APPICON_NAME = DeChaff;
				ASSETCATALOG_COMPILER_INCLUDE_ALL_APPICON_ASSETS = NO;
				"CODE_SIGN_IDENTITY[sdk=macosx*]" = "Apple Development";
				CODE_SIGN_STYLE = Automatic;
				COMBINE_HIDPI_IMAGES = YES;
				CURRENT_PROJECT_VERSION = 10;
				DEVELOPMENT_TEAM = 2R53HYKRFR;
				ENABLE_HARDENED_RUNTIME = YES;
				ENABLE_PREVIEWS = YES;
				GENERATE_INFOPLIST_FILE = YES;
				INFOPLIST_FILE = DeChaff/Info.plist;
				INFOPLIST_KEY_CFBundleDisplayName = DeChaff;
				INFOPLIST_KEY_CFBundleIconFile = DeChaffIcon;
				INFOPLIST_KEY_LSApplicationCategoryType = "public.app-category.utilities";
				INFOPLIST_KEY_NSHumanReadableDescription = "Remove background noise from audio files using Apple Voice Isolation";
				INFOPLIST_KEY_NSPrincipalClass = NSApplication;
				INFOPLIST_KEY_NSSpeechRecognitionUsageDescription = "DeChaff uses on-device speech recognition to transcribe sermon audio.";
				LD_RUNPATH_SEARCH_PATHS = (
					"$(inherited)",
					"@executable_path/../Frameworks",
				);
				MACOSX_DEPLOYMENT_TARGET = 26.0;
				MARKETING_VERSION = 1.0.1;
				PRODUCT_BUNDLE_IDENTIFIER = com.dechaff.app;
				PRODUCT_NAME = "$(TARGET_NAME)";
				SWIFT_EMIT_LOC_STRINGS = YES;
				SWIFT_VERSION = 5.0;
			};
			name = Release;
		};
/* End XCBuildConfiguration section */

/* Begin XCConfigurationList section */
		50AE96292F875396006663EF /* Build configuration list for PBXNativeTarget "DeChaffShareExtension" */ = {
			isa = XCConfigurationList;
			buildConfigurations = (
				50AE962A2F875396006663EF /* Debug */,
				50AE962B2F875396006663EF /* Release */,
			);
			defaultConfigurationIsVisible = 0;
			defaultConfigurationName = Release;
		};
		AA00000000000000000000A5 /* Build configuration list for PBXProject "DeChaff" */ = {
			isa = XCConfigurationList;
			buildConfigurations = (
				AA00000000000000000000A7 /* Debug */,
				AA00000000000000000000A8 /* Release */,
			);
			defaultConfigurationIsVisible = 0;
			defaultConfigurationName = Release;
		};
		AA00000000000000000000A6 /* Build configuration list for PBXNativeTarget "DeChaff" */ = {
			isa = XCConfigurationList;
			buildConfigurations = (
				AA00000000000000000000A9 /* Debug */,
				AA00000000000000000000AA /* Release */,
			);
			defaultConfigurationIsVisible = 0;
			defaultConfigurationName = Release;
		};
/* End XCConfigurationList section */

/* Begin XCRemoteSwiftPackageReference section */
		50AE96372F8765F0006663EF /* XCRemoteSwiftPackageReference "Sparkle" */ = {
			isa = XCRemoteSwiftPackageReference;
			repositoryURL = "https://github.com/sparkle-project/Sparkle";
			requirement = {
				kind = upToNextMajorVersion;
				minimumVersion = 2.0.0;
			};
		};
/* End XCRemoteSwiftPackageReference section */

/* Begin XCSwiftPackageProductDependency section */
		50AE96382F8765F0006663EF /* Sparkle */ = {
			isa = XCSwiftPackageProductDependency;
			package = 50AE96372F8765F0006663EF /* XCRemoteSwiftPackageReference "Sparkle" */;
			productName = Sparkle;
		};
/* End XCSwiftPackageProductDependency section */
	};
	rootObject = AA00000000000000000000A1 /* Project object */;
}
