// !$*UTF8*$!
{
	archiveVersion = 1;
	classes = {
	};
	objectVersion = 56;
	objects = {

/* Begin PBXBuildFile section */
		5069CC312F64007A00F65B34 /* DeChaff.icon in Resources */ = {isa = PBXBuildFile; fileRef = 5069CC302F64007A00F65B34 /* DeChaff.icon */; };
		AA00000000000000000000B2 /* DeChaffApp.swift in Sources */ = {isa = PBXBuildFile; fileRef = AA00000000000000000000AF /* DeChaffApp.swift */; };
		AA00000000000000000000B3 /* ContentView.swift in Sources */ = {isa = PBXBuildFile; fileRef = AA00000000000000000000B0 /* ContentView.swift */; };
		AA00000000000000000000B4 /* VoiceIsolationProcessor.swift in Sources */ = {isa = PBXBuildFile; fileRef = AA00000000000000000000B1 /* VoiceIsolationProcessor.swift */; };
		AA00000000000000000000C4 /* lame in Resources */ = {isa = PBXBuildFile; fileRef = AA00000000000000000000C3 /* lame */; };
		AA00000000000000000000C5 /* Wheat.png in Resources */ = {isa = PBXBuildFile; fileRef = AA00000000000000000000C6 /* Wheat.png */; };
		DC00000000000000000000E2 /* Step1LoadView.swift in Sources */ = {isa = PBXBuildFile; fileRef = DC00000000000000000000E1 /* Step1LoadView.swift */; };
		DC00000000000000000000E4 /* Step2TrimView.swift in Sources */ = {isa = PBXBuildFile; fileRef = DC00000000000000000000E3 /* Step2TrimView.swift */; };
		DC00000000000000000000E6 /* Step3InfoView.swift in Sources */ = {isa = PBXBuildFile; fileRef = DC00000000000000000000E5 /* Step3InfoView.swift */; };
		DC00000000000000000000E8 /* Step4ChaptersView.swift in Sources */ = {isa = PBXBuildFile; fileRef = DC00000000000000000000E7 /* Step4ChaptersView.swift */; };
		DC00000000000000000000EA /* Step5OutputView.swift in Sources */ = {isa = PBXBuildFile; fileRef = DC00000000000000000000E9 /* Step5OutputView.swift */; };
		DC00000000000000000000EC /* YtDlpManager.swift in Sources */ = {isa = PBXBuildFile; fileRef = DC00000000000000000000EB /* YtDlpManager.swift */; };
		DC00000000000000000000EE /* YouTubeViewModel.swift in Sources */ = {isa = PBXBuildFile; fileRef = DC00000000000000000000ED /* YouTubeViewModel.swift */; };
		DC00000000000000000000F0 /* YouTubeSectionView.swift in Sources */ = {isa = PBXBuildFile; fileRef = DC00000000000000000000EF /* YouTubeSectionView.swift */; };
		DC00000000000000000000F2 /* SettingsView.swift in Sources */ = {isa = PBXBuildFile; fileRef = DC00000000000000000000F1 /* SettingsView.swift */; };
/* End PBXBuildFile section */

/* Begin PBXFileReference section */
		5069CC302F64007A00F65B34 /* DeChaff.icon */ = {isa = PBXFileReference; lastKnownFileType = folder.iconcomposer.icon; path = DeChaff.icon; sourceTree = "<group>"; };
		AA00000000000000000000AE /* DeChaff.app */ = {isa = PBXFileReference; explicitFileType = wrapper.application; includeInIndex = 0; path = DeChaff.app; sourceTree = BUILT_PRODUCTS_DIR; };
		AA00000000000000000000AF /* DeChaffApp.swift */ = {isa = PBXFileReference; lastKnownFileType = sourcecode.swift; path = DeChaffApp.swift; sourceTree = "<group>"; };
		AA00000000000000000000B0 /* ContentView.swift */ = {isa = PBXFileReference; lastKnownFileType = sourcecode.swift; path = ContentView.swift; sourceTree = "<group>"; };
		AA00000000000000000000B1 /* VoiceIsolationProcessor.swift */ = {isa = PBXFileReference; lastKnownFileType = sourcecode.swift; path = VoiceIsolationProcessor.swift; sourceTree = "<group>"; };
		AA00000000000000000000C3 /* lame */ = {isa = PBXFileReference; lastKnownFileType = "compiled.mach-o.executable"; path = lame; sourceTree = "<group>"; };
		AA00000000000000000000C6 /* Wheat.png */ = {isa = PBXFileReference; lastKnownFileType = image.png; path = Wheat.png; sourceTree = "<group>"; };
		DC00000000000000000000E1 /* Step1LoadView.swift */ = {isa = PBXFileReference; lastKnownFileType = sourcecode.swift; path = Step1LoadView.swift; sourceTree = "<group>"; };
		DC00000000000000000000E3 /* Step2TrimView.swift */ = {isa = PBXFileReference; lastKnownFileType = sourcecode.swift; path = Step2TrimView.swift; sourceTree = "<group>"; };
		DC00000000000000000000E5 /* Step3InfoView.swift */ = {isa = PBXFileReference; lastKnownFileType = sourcecode.swift; path = Step3InfoView.swift; sourceTree = "<group>"; };
		DC00000000000000000000E7 /* Step4ChaptersView.swift */ = {isa = PBXFileReference; lastKnownFileType = sourcecode.swift; path = Step4ChaptersView.swift; sourceTree = "<group>"; };
		DC00000000000000000000E9 /* Step5OutputView.swift */ = {isa = PBXFileReference; lastKnownFileType = sourcecode.swift; path = Step5OutputView.swift; sourceTree = "<group>"; };
		DC00000000000000000000EB /* YtDlpManager.swift */ = {isa = PBXFileReference; lastKnownFileType = sourcecode.swift; path = YtDlpManager.swift; sourceTree = "<group>"; };
		DC00000000000000000000ED /* YouTubeViewModel.swift */ = {isa = PBXFileReference; lastKnownFileType = sourcecode.swift; path = YouTubeViewModel.swift; sourceTree = "<group>"; };
		DC00000000000000000000EF /* YouTubeSectionView.swift */ = {isa = PBXFileReference; lastKnownFileType = sourcecode.swift; path = YouTubeSectionView.swift; sourceTree = "<group>"; };
		DC00000000000000000000F1 /* SettingsView.swift */ = {isa = PBXFileReference; lastKnownFileType = sourcecode.swift; path = SettingsView.swift; sourceTree = "<group>"; };
/* End PBXFileReference section */

/* Begin PBXFrameworksBuildPhase section */
		AA00000000000000000000AC /* Frameworks */ = {
			isa = PBXFrameworksBuildPhase;
			buildActionMask = 2147483647;
			files = (
			);
			runOnlyForDeploymentPostprocessing = 0;
		};
/* End PBXFrameworksBuildPhase section */

/* Begin PBXGroup section */
		AA00000000000000000000A2 = {
			isa = PBXGroup;
			children = (
				AA00000000000000000000B5 /* DeChaff */,
				AA00000000000000000000A3 /* Products */,
			);
			sourceTree = "<group>";
		};
		AA00000000000000000000A3 /* Products */ = {
			isa = PBXGroup;
			children = (
				AA00000000000000000000AE /* DeChaff.app */,
			);
			name = Products;
			sourceTree = "<group>";
		};
		AA00000000000000000000B5 /* DeChaff */ = {
			isa = PBXGroup;
			children = (
				AA00000000000000000000AF /* DeChaffApp.swift */,
				AA00000000000000000000B0 /* ContentView.swift */,
				AA00000000000000000000B1 /* VoiceIsolationProcessor.swift */,
				DC00000000000000000000E1 /* Step1LoadView.swift */,
				DC00000000000000000000E3 /* Step2TrimView.swift */,
				DC00000000000000000000E5 /* Step3InfoView.swift */,
				DC00000000000000000000E7 /* Step4ChaptersView.swift */,
				DC00000000000000000000E9 /* Step5OutputView.swift */,
				DC00000000000000000000EB /* YtDlpManager.swift */,
				DC00000000000000000000ED /* YouTubeViewModel.swift */,
				DC00000000000000000000EF /* YouTubeSectionView.swift */,
				DC00000000000000000000F1 /* SettingsView.swift */,
				AA00000000000000000000C3 /* lame */,
				AA00000000000000000000C6 /* Wheat.png */,
				5069CC302F64007A00F65B34 /* DeChaff.icon */,
			);
			path = DeChaff;
			sourceTree = "<group>";
		};
/* End PBXGroup section */

/* Begin PBXNativeTarget section */
		AA00000000000000000000A4 /* DeChaff */ = {
			isa = PBXNativeTarget;
			buildConfigurationList = AA00000000000000000000A6 /* Build configuration list for PBXNativeTarget "DeChaff" */;
			buildPhases = (
				AA00000000000000000000AB /* Sources */,
				AA00000000000000000000AC /* Frameworks */,
				AA00000000000000000000AD /* Resources */,
				AA00000000000000000000D0 /* Re-sign bundled lame with Hardened Runtime */,
			);
			buildRules = (
			);
			dependencies = (
			);
			name = DeChaff;
			productName = DeChaff;
			productReference = AA00000000000000000000AE /* DeChaff.app */;
			productType = "com.apple.product-type.application";
		};
/* End PBXNativeTarget section */

/* Begin PBXProject section */
		AA00000000000000000000A1 /* Project object */ = {
			isa = PBXProject;
			attributes = {
				BuildIndependentTargetsInParallel = 1;
				LastSwiftUpdateCheck = 1500;
				LastUpgradeCheck = 1500;
				TargetAttributes = {
					AA00000000000000000000A4 = {
						CreatedOnToolsVersion = 15.0;
					};
				};
			};
			buildConfigurationList = AA00000000000000000000A5 /* Build configuration list for PBXProject "DeChaff" */;
			compatibilityVersion = "Xcode 14.0";
			developmentRegion = en;
			hasScannedForEncodings = 0;
			knownRegions = (
				en,
				Base,
			);
			mainGroup = AA00000000000000000000A2;
			productRefGroup = AA00000000000000000000A3 /* Products */;
			projectDirPath = "";
			projectRoot = "";
			targets = (
				AA00000000000000000000A4 /* DeChaff */,
			);
		};
/* End PBXProject section */

/* Begin PBXResourcesBuildPhase section */
		AA00000000000000000000AD /* Resources */ = {
			isa = PBXResourcesBuildPhase;
			buildActionMask = 2147483647;
			files = (
				5069CC312F64007A00F65B34 /* DeChaff.icon in Resources */,
				AA00000000000000000000C4 /* lame in Resources */,
				AA00000000000000000000C5 /* Wheat.png in Resources */,
			);
			runOnlyForDeploymentPostprocessing = 0;
		};
/* End PBXResourcesBuildPhase section */

/* Begin PBXShellScriptBuildPhase section */
		AA00000000000000000000D0 /* Re-sign bundled lame with Hardened Runtime */ = {
			isa = PBXShellScriptBuildPhase;
			buildActionMask = 2147483647;
			files = (
			);
			inputFileListPaths = (
			);
			inputPaths = (
				"$(BUILT_PRODUCTS_DIR)/$(CONTENTS_FOLDER_PATH)/Resources/lame",
			);
			name = "Re-sign bundled lame with Hardened Runtime";
			outputFileListPaths = (
			);
			outputPaths = (
			);
			runOnlyForDeploymentPostprocessing = 0;
			shellPath = /bin/sh;
			shellScript = "LAME=\"${BUILT_PRODUCTS_DIR}/${CONTENTS_FOLDER_PATH}/Resources/lame\"\nif [ -f \"$LAME\" ]; then\n    codesign --force --options runtime --sign \"${EXPANDED_CODE_SIGN_IDENTITY}\" \"$LAME\"\nfi\n";
		};
/* End PBXShellScriptBuildPhase section */

/* Begin PBXSourcesBuildPhase section */
		AA00000000000000000000AB /* Sources */ = {
			isa = PBXSourcesBuildPhase;
			buildActionMask = 2147483647;
			files = (
				AA00000000000000000000B2 /* DeChaffApp.swift in Sources */,
				AA00000000000000000000B3 /* ContentView.swift in Sources */,
				AA00000000000000000000B4 /* VoiceIsolationProcessor.swift in Sources */,
				DC00000000000000000000E2 /* Step1LoadView.swift in Sources */,
				DC00000000000000000000E4 /* Step2TrimView.swift in Sources */,
				DC00000000000000000000E6 /* Step3InfoView.swift in Sources */,
				DC00000000000000000000E8 /* Step4ChaptersView.swift in Sources */,
				DC00000000000000000000EA /* Step5OutputView.swift in Sources */,
				DC00000000000000000000EC /* YtDlpManager.swift in Sources */,
				DC00000000000000000000EE /* YouTubeViewModel.swift in Sources */,
				DC00000000000000000000F0 /* YouTubeSectionView.swift in Sources */,
				DC00000000000000000000F2 /* SettingsView.swift in Sources */,
			);
			runOnlyForDeploymentPostprocessing = 0;
		};
/* End PBXSourcesBuildPhase section */

/* Begin XCBuildConfiguration section */
		AA00000000000000000000A7 /* Debug */ = {
			isa = XCBuildConfiguration;
			buildSettings = {
				ALWAYS_SEARCH_USER_PATHS = NO;
				CLANG_ANALYZER_NONNULL = YES;
				CLANG_ANALYZER_NUMBER_OBJECT_CONVERSION = YES_AGGRESSIVE;
				CLANG_CXX_LANGUAGE_STANDARD = "gnu++20";
				CLANG_ENABLE_MODULES = YES;
				CLANG_ENABLE_OBJC_ARC = YES;
				CLANG_ENABLE_OBJC_WEAK = YES;
				CLANG_WARN_BLOCK_CAPTURE_AUTORELEASING = YES;
				CLANG_WARN_BOOL_CONVERSION = YES;
				CLANG_WARN_COMMA = YES;
				CLANG_WARN_CONSTANT_CONVERSION = YES;
				CLANG_WARN_DEPRECATED_OBJC_IMPLEMENTATIONS = YES;
				CLANG_WARN_DIRECT_OBJC_ISA_USAGE = YES_ERROR;
				CLANG_WARN_DOCUMENTATION_COMMENTS = YES;
				CLANG_WARN_EMPTY_BODY = YES;
				CLANG_WARN_ENUM_CONVERSION = YES;
				CLANG_WARN_INFINITE_RECURSION = YES;
				CLANG_WARN_INT_CONVERSION = YES;
				CLANG_WARN_NON_LITERAL_NULL_CONVERSION = YES;
				CLANG_WARN_OBJC_IMPLICIT_RETAIN_CYCLES = YES;
				CLANG_WARN_OBJC_LITERAL_CONVERSION = YES;
				CLANG_WARN_OBJC_ROOT_CLASS = YES_ERROR;
				CLANG_WARN_RANGE_LOOP_ANALYSIS = YES;
				CLANG_WARN_STRICT_PROTOTYPES = YES;
				CLANG_WARN_SUSPICIOUS_MOVE = YES;
				CLANG_WARN_UNGUARDED_AVAILABILITY = YES_AGGRESSIVE;
				CLANG_WARN_UNREACHABLE_CODE = YES;
				CLANG_WARN__DUPLICATE_METHOD_MATCH = YES;
				COPY_PHASE_STRIP = NO;
				DEBUG_INFORMATION_FORMAT = dwarf;
				ENABLE_STRICT_OBJC_MSGSEND = YES;
				ENABLE_TESTABILITY = YES;
				GCC_C_LANGUAGE_STANDARD = gnu17;
				GCC_DYNAMIC_NO_PIC = NO;
				GCC_NO_COMMON_BLOCKS = YES;
				GCC_OPTIMIZATION_LEVEL = 0;
				GCC_PREPROCESSOR_DEFINITIONS = (
					"DEBUG=1",
					"$(inherited)",
				);
				GCC_WARN_64_TO_32_BIT_CONVERSION = YES;
				GCC_WARN_ABOUT_RETURN_TYPE = YES_ERROR;
				GCC_WARN_UNDECLARED_SELECTOR = YES;
				GCC_WARN_UNINITIALIZED_AUTOS = YES_AGGRESSIVE;
				GCC_WARN_UNUSED_FUNCTION = YES;
				GCC_WARN_UNUSED_VARIABLE = YES;
				MACOSX_DEPLOYMENT_TARGET = 26.0;
				MTL_ENABLE_DEBUG_INFO = INCLUDE_SOURCE;
				MTL_FAST_MATH = YES;
				ONLY_ACTIVE_ARCH = YES;
				SDKROOT = macosx;
				SWIFT_ACTIVE_COMPILATION_CONDITIONS = "DEBUG $(inherited)";
				SWIFT_OPTIMIZATION_LEVEL = "-Onone";
			};
			name = Debug;
		};
		AA00000000000000000000A8 /* Release */ = {
			isa = XCBuildConfiguration;
			buildSettings = {
				ALWAYS_SEARCH_USER_PATHS = NO;
				CLANG_ANALYZER_NONNULL = YES;
				CLANG_ANALYZER_NUMBER_OBJECT_CONVERSION = YES_AGGRESSIVE;
				CLANG_CXX_LANGUAGE_STANDARD = "gnu++20";
				CLANG_ENABLE_MODULES = YES;
				CLANG_ENABLE_OBJC_ARC = YES;
				CLANG_ENABLE_OBJC_WEAK = YES;
				CLANG_WARN_BLOCK_CAPTURE_AUTORELEASING = YES;
				CLANG_WARN_BOOL_CONVERSION = YES;
				CLANG_WARN_COMMA = YES;
				CLANG_WARN_CONSTANT_CONVERSION = YES;
				CLANG_WARN_DEPRECATED_OBJC_IMPLEMENTATIONS = YES;
				CLANG_WARN_DIRECT_OBJC_ISA_USAGE = YES_ERROR;
				CLANG_WARN_DOCUMENTATION_COMMENTS = YES;
				CLANG_WARN_EMPTY_BODY = YES;
				CLANG_WARN_ENUM_CONVERSION = YES;
				CLANG_WARN_INFINITE_RECURSION = YES;
				CLANG_WARN_INT_CONVERSION = YES;
				CLANG_WARN_NON_LITERAL_NULL_CONVERSION = YES;
				CLANG_WARN_OBJC_IMPLICIT_RETAIN_CYCLES = YES;
				CLANG_WARN_OBJC_LITERAL_CONVERSION = YES;
				CLANG_WARN_OBJC_ROOT_CLASS = YES_ERROR;
				CLANG_WARN_RANGE_LOOP_ANALYSIS = YES;
				CLANG_WARN_STRICT_PROTOTYPES = YES;
				CLANG_WARN_SUSPICIOUS_MOVE = YES;
				CLANG_WARN_UNGUARDED_AVAILABILITY = YES_AGGRESSIVE;
				CLANG_WARN_UNREACHABLE_CODE = YES;
				CLANG_WARN__DUPLICATE_METHOD_MATCH = YES;
				COPY_PHASE_STRIP = NO;
				DEBUG_INFORMATION_FORMAT = "dwarf-with-dsym";
				ENABLE_NS_ASSERTIONS = NO;
				ENABLE_STRICT_OBJC_MSGSEND = YES;
				GCC_C_LANGUAGE_STANDARD = gnu17;
				GCC_NO_COMMON_BLOCKS = YES;
				GCC_WARN_64_TO_32_BIT_CONVERSION = YES;
				GCC_WARN_ABOUT_RETURN_TYPE = YES_ERROR;
				GCC_WARN_UNDECLARED_SELECTOR = YES;
				GCC_WARN_UNINITIALIZED_AUTOS = YES_AGGRESSIVE;
				GCC_WARN_UNUSED_FUNCTION = YES;
				GCC_WARN_UNUSED_VARIABLE = YES;
				MACOSX_DEPLOYMENT_TARGET = 26.0;
				MTL_FAST_MATH = YES;
				SDKROOT = macosx;
				SWIFT_COMPILATION_MODE = wholemodule;
			};
			name = Release;
		};
		AA00000000000000000000A9 /* Debug */ = {
			isa = XCBuildConfiguration;
			buildSettings = {
				ASSETCATALOG_COMPILER_APPICON_NAME = DeChaff;
				ASSETCATALOG_COMPILER_INCLUDE_ALL_APPICON_ASSETS = NO;
				CODE_SIGN_STYLE = Automatic;
				COMBINE_HIDPI_IMAGES = YES;
				CURRENT_PROJECT_VERSION = 5;
				DEVELOPMENT_TEAM = 2R53HYKRFR;
				ENABLE_HARDENED_RUNTIME = YES;
				ENABLE_PREVIEWS = YES;
				GENERATE_INFOPLIST_FILE = YES;
				INFOPLIST_KEY_CFBundleDisplayName = DeChaff;
				INFOPLIST_KEY_CFBundleIconFile = DeChaffIcon;
				INFOPLIST_KEY_LSApplicationCategoryType = "public.app-category.utilities";
				INFOPLIST_KEY_NSHumanReadableDescription = "Remove background noise from audio files using Apple Voice Isolation";
				INFOPLIST_KEY_NSPrincipalClass = NSApplication;
				INFOPLIST_KEY_NSSpeechRecognitionUsageDescription = "DeChaff uses on-device speech recognition to transcribe sermon audio.";
				LD_RUNPATH_SEARCH_PATHS = (
					"$(inherited)",
					"@executable_path/../Frameworks",
				);
				MACOSX_DEPLOYMENT_TARGET = 26.0;
				MARKETING_VERSION = 1.0;
				PRODUCT_BUNDLE_IDENTIFIER = com.dechaff.app;
				PRODUCT_NAME = "$(TARGET_NAME)";
				SWIFT_EMIT_LOC_STRINGS = YES;
				SWIFT_VERSION = 5.0;
			};
			name = Debug;
		};
		AA00000000000000000000AA /* Release */ = {
			isa = XCBuildConfiguration;
			buildSettings = {
				ASSETCATALOG_COMPILER_APPICON_NAME = DeChaff;
				ASSETCATALOG_COMPILER_INCLUDE_ALL_APPICON_ASSETS = NO;
				CODE_SIGN_STYLE = Automatic;
				COMBINE_HIDPI_IMAGES = YES;
				CURRENT_PROJECT_VERSION = 5;
				DEVELOPMENT_TEAM = 2R53HYKRFR;
				ENABLE_HARDENED_RUNTIME = YES;
				ENABLE_PREVIEWS = YES;
				GENERATE_INFOPLIST_FILE = YES;
				INFOPLIST_KEY_CFBundleDisplayName = DeChaff;
				INFOPLIST_KEY_CFBundleIconFile = DeChaffIcon;
				INFOPLIST_KEY_LSApplicationCategoryType = "public.app-category.utilities";
				INFOPLIST_KEY_NSHumanReadableDescription = "Remove background noise from audio files using Apple Voice Isolation";
				INFOPLIST_KEY_NSPrincipalClass = NSApplication;
				INFOPLIST_KEY_NSSpeechRecognitionUsageDescription = "DeChaff uses on-device speech recognition to transcribe sermon audio.";
				LD_RUNPATH_SEARCH_PATHS = (
					"$(inherited)",
					"@executable_path/../Frameworks",
				);
				MACOSX_DEPLOYMENT_TARGET = 26.0;
				MARKETING_VERSION = 1.0;
				PRODUCT_BUNDLE_IDENTIFIER = com.dechaff.app;
				PRODUCT_NAME = "$(TARGET_NAME)";
				SWIFT_EMIT_LOC_STRINGS = YES;
				SWIFT_VERSION = 5.0;
			};
			name = Release;
		};
/* End XCBuildConfiguration section */

/* Begin XCConfigurationList section */
		AA00000000000000000000A5 /* Build configuration list for PBXProject "DeChaff" */ = {
			isa = XCConfigurationList;
			buildConfigurations = (
				AA00000000000000000000A7 /* Debug */,
				AA00000000000000000000A8 /* Release */,
			);
			defaultConfigurationIsVisible = 0;
			defaultConfigurationName = Release;
		};
		AA00000000000000000000A6 /* Build configuration list for PBXNativeTarget "DeChaff" */ = {
			isa = XCConfigurationList;
			buildConfigurations = (
				AA00000000000000000000A9 /* Debug */,
				AA00000000000000000000AA /* Release */,
			);
			defaultConfigurationIsVisible = 0;
			defaultConfigurationName = Release;
		};
/* End XCConfigurationList section */
	};
	rootObject = AA00000000000000000000A1 /* Project object */;
}
